
Microsoft Visual Studio Solution File, Format Version 12.00
# Visual Studio Version 16
VisualStudioVersion = 16.0.30711.63
MinimumVisualStudioVersion = 10.0.40219.1
Project("{FAE04EC0-301F-11D3-BF4B-00C04F79EFBC}") = "01_Cafe", "Cafe\01_Cafe.csproj", "{4F08301C-4CCE-4025-983D-E2EFE1978F98}"
EndProject
Project("{FAE04EC0-301F-11D3-BF4B-00C04F79EFBC}") = "01_Cafe_console", "01_Cafe_console\01_Cafe_console.csproj", "{BD248507-AD71-4A0A-8BF1-B4B84281B71C}"
EndProject
Project("{FAE04EC0-301F-11D3-BF4B-00C04F79EFBC}") = "01_Cafe_tests", "01_cafe_tests\01_Cafe_tests.csproj", "{588657C1-7666-4298-A99B-FA3E94F60873}"
EndProject
Project("{FAE04EC0-301F-11D3-BF4B-00C04F79EFBC}") = "02_ClaimsDepartment", "ClaimsDepartment\02_ClaimsDepartment.csproj", "{EFE1E8AE-E944-4FFC-936D-25FF623C85D2}"
EndProject
Project("{FAE04EC0-301F-11D3-BF4B-00C04F79EFBC}") = "02_ClaimsDepartment_Console", "02_ClaimsDepartment_Console\02_ClaimsDepartment_Console.csproj", "{74930E14-7D88-4564-912E-CD3C5E168656}"
EndProject
Project("{FAE04EC0-301F-11D3-BF4B-00C04F79EFBC}") = "02_ClaimsDepartment_Tests", "02_ClaimsDepartment_Tests\02_ClaimsDepartment_Tests.csproj", "{C8B041B2-16DE-4915-89AC-99959C7DAA57}"
EndProject
Project("{FAE04EC0-301F-11D3-BF4B-00C04F79EFBC}") = "03_Badges_Repo", "03_Badges_Repo\03_Badges_Repo.csproj", "{8D4B79A6-6DC1-43DA-81F4-408B73DE850B}"
EndProject
Project("{FAE04EC0-301F-11D3-BF4B-00C04F79EFBC}") = "03_badges_Console", "03_badges_Console\03_badges_Console.csproj", "{A8459697-B263-423C-933C-B6BDCFFB3FE3}"
EndProject
Project("{FAE04EC0-301F-11D3-BF4B-00C04F79EFBC}") = "03_Badges_test", "03_Badges_test\03_Badges_test.csproj", "{0D63DF52-878E-4723-91D7-910AC4097DCC}"
EndProject
Project("{FAE04EC0-301F-11D3-BF4B-00C04F79EFBC}") = "04_CompanyOutings_Repo", "04_CompanyOutings_Repo\04_CompanyOutings_Repo.csproj", "{3FD0663F-8164-4C0D-9B01-0832BD87054C}"
EndProject
Project("{FAE04EC0-301F-11D3-BF4B-00C04F79EFBC}") = "04_CompanyOutings_Console", "04_CompanyOutings_Console\04_CompanyOutings_Console.csproj", "{E87C01FD-5D12-424A-ABA0-7379E0CDF597}"
EndProject
Project("{FAE04EC0-301F-11D3-BF4B-00C04F79EFBC}") = "04_CompanyOutings_Tests", "04_CompanyOutings_Tests\04_CompanyOutings_Tests.csproj", "{26A0BA26-3319-4DE9-B9E5-CA03BDEE2EBB}"
EndProject
Global
	GlobalSection(SolutionConfigurationPlatforms) = preSolution
		Debug|Any CPU = Debug|Any CPU
		Release|Any CPU = Release|Any CPU
	EndGlobalSection
	GlobalSection(ProjectConfigurationPlatforms) = postSolution
		{4F08301C-4CCE-4025-983D-E2EFE1978F98}.Debug|Any CPU.ActiveCfg = Debug|Any CPU
		{4F08301C-4CCE-4025-983D-E2EFE1978F98}.Debug|Any CPU.Build.0 = Debug|Any CPU
		{4F08301C-4CCE-4025-983D-E2EFE1978F98}.Release|Any CPU.ActiveCfg = Release|Any CPU
		{4F08301C-4CCE-4025-983D-E2EFE1978F98}.Release|Any CPU.Build.0 = Release|Any CPU
		{BD248507-AD71-4A0A-8BF1-B4B84281B71C}.Debug|Any CPU.ActiveCfg = Debug|Any CPU
		{BD248507-AD71-4A0A-8BF1-B4B84281B71C}.Debug|Any CPU.Build.0 = Debug|Any CPU
		{BD248507-AD71-4A0A-8BF1-B4B84281B71C}.Release|Any CPU.ActiveCfg = Release|Any CPU
		{BD248507-AD71-4A0A-8BF1-B4B84281B71C}.Release|Any CPU.Build.0 = Release|Any CPU
		{588657C1-7666-4298-A99B-FA3E94F60873}.Debug|Any CPU.ActiveCfg = Debug|Any CPU
		{588657C1-7666-4298-A99B-FA3E94F60873}.Debug|Any CPU.Build.0 = Debug|Any CPU
		{588657C1-7666-4298-A99B-FA3E94F60873}.Release|Any CPU.ActiveCfg = Release|Any CPU
		{588657C1-7666-4298-A99B-FA3E94F60873}.Release|Any CPU.Build.0 = Release|Any CPU
		{EFE1E8AE-E944-4FFC-936D-25FF623C85D2}.Debug|Any CPU.ActiveCfg = Debug|Any CPU
		{EFE1E8AE-E944-4FFC-936D-25FF623C85D2}.Debug|Any CPU.Build.0 = Debug|Any CPU
		{EFE1E8AE-E944-4FFC-936D-25FF623C85D2}.Release|Any CPU.ActiveCfg = Release|Any CPU
		{EFE1E8AE-E944-4FFC-936D-25FF623C85D2}.Release|Any CPU.Build.0 = Release|Any CPU
		{74930E14-7D88-4564-912E-CD3C5E168656}.Debug|Any CPU.ActiveCfg = Debug|Any CPU
		{74930E14-7D88-4564-912E-CD3C5E168656}.Debug|Any CPU.Build.0 = Debug|Any CPU
		{74930E14-7D88-4564-912E-CD3C5E168656}.Release|Any CPU.ActiveCfg = Release|Any CPU
		{74930E14-7D88-4564-912E-CD3C5E168656}.Release|Any CPU.Build.0 = Release|Any CPU
		{C8B041B2-16DE-4915-89AC-99959C7DAA57}.Debug|Any CPU.ActiveCfg = Debug|Any CPU
		{C8B041B2-16DE-4915-89AC-99959C7DAA57}.Debug|Any CPU.Build.0 = Debug|Any CPU
		{C8B041B2-16DE-4915-89AC-99959C7DAA57}.Release|Any CPU.ActiveCfg = Release|Any CPU
		{C8B041B2-16DE-4915-89AC-99959C7DAA57}.Release|Any CPU.Build.0 = Release|Any CPU
		{8D4B79A6-6DC1-43DA-81F4-408B73DE850B}.Debug|Any CPU.ActiveCfg = Debug|Any CPU
		{8D4B79A6-6DC1-43DA-81F4-408B73DE850B}.Debug|Any CPU.Build.0 = Debug|Any CPU
		{8D4B79A6-6DC1-43DA-81F4-408B73DE850B}.Release|Any CPU.ActiveCfg = Release|Any CPU
		{8D4B79A6-6DC1-43DA-81F4-408B73DE850B}.Release|Any CPU.Build.0 = Release|Any CPU
		{A8459697-B263-423C-933C-B6BDCFFB3FE3}.Debug|Any CPU.ActiveCfg = Debug|Any CPU
		{A8459697-B263-423C-933C-B6BDCFFB3FE3}.Debug|Any CPU.Build.0 = Debug|Any CPU
		{A8459697-B263-423C-933C-B6BDCFFB3FE3}.Release|Any CPU.ActiveCfg = Release|Any CPU
		{A8459697-B263-423C-933C-B6BDCFFB3FE3}.Release|Any CPU.Build.0 = Release|Any CPU
		{0D63DF52-878E-4723-91D7-910AC4097DCC}.Debug|Any CPU.ActiveCfg = Debug|Any CPU
		{0D63DF52-878E-4723-91D7-910AC4097DCC}.Debug|Any CPU.Build.0 = Debug|Any CPU
		{0D63DF52-878E-4723-91D7-910AC4097DCC}.Release|Any CPU.ActiveCfg = Release|Any CPU
		{0D63DF52-878E-4723-91D7-910AC4097DCC}.Release|Any CPU.Build.0 = Release|Any CPU
		{3FD0663F-8164-4C0D-9B01-0832BD87054C}.Debug|Any CPU.ActiveCfg = Debug|Any CPU
		{3FD0663F-8164-4C0D-9B01-0832BD87054C}.Debug|Any CPU.Build.0 = Debug|Any CPU
		{3FD0663F-8164-4C0D-9B01-0832BD87054C}.Release|Any CPU.ActiveCfg = Release|Any CPU
		{3FD0663F-8164-4C0D-9B01-0832BD87054C}.Release|Any CPU.Build.0 = Release|Any CPU
		{E87C01FD-5D12-424A-ABA0-7379E0CDF597}.Debug|Any CPU.ActiveCfg = Debug|Any CPU
		{E87C01FD-5D12-424A-ABA0-7379E0CDF597}.Debug|Any CPU.Build.0 = Debug|Any CPU
		{E87C01FD-5D12-424A-ABA0-7379E0CDF597}.Release|Any CPU.ActiveCfg = Release|Any CPU
		{E87C01FD-5D12-424A-ABA0-7379E0CDF597}.Release|Any CPU.Build.0 = Release|Any CPU
		{26A0BA26-3319-4DE9-B9E5-CA03BDEE2EBB}.Debug|Any CPU.ActiveCfg = Debug|Any CPU
		{26A0BA26-3319-4DE9-B9E5-CA03BDEE2EBB}.Debug|Any CPU.Build.0 = Debug|Any CPU
		{26A0BA26-3319-4DE9-B9E5-CA03BDEE2EBB}.Release|Any CPU.ActiveCfg = Release|Any CPU
		{26A0BA26-3319-4DE9-B9E5-CA03BDEE2EBB}.Release|Any CPU.Build.0 = Release|Any CPU
	EndGlobalSection
	GlobalSection(SolutionProperties) = preSolution
		HideSolutionNode = FALSE
	EndGlobalSection
	GlobalSection(ExtensibilityGlobals) = postSolution
		SolutionGuid = {6434FA4B-4B04-473D-B342-8FD4EC1116C1}
	EndGlobalSection
EndGlobal
